
Microsoft Visual Studio Solution File, Format Version 12.00
# Visual Studio Version 17
VisualStudioVersion = 17.8.34309.116
MinimumVisualStudioVersion = 10.0.40219.1
Project("{9A19103F-16F7-4668-BE54-9A1E7A4F7556}") = "ADPasswordRotator.Frontend", "ADPasswordRotator.Frontend\ADPasswordRotator.Frontend.csproj", "{1899CE49-EA5B-4631-A3BD-40AEAAD50037}"
EndProject
Project("{9A19103F-16F7-4668-BE54-9A1E7A4F7556}") = "ADPasswordRotator.Shared", "ADPasswordRotator.Shared\ADPasswordRotator.Shared.csproj", "{26A3FF9B-94EB-41C8-A9DA-F236D82DCD8C}"
EndProject
Project("{9A19103F-16F7-4668-BE54-9A1E7A4F7556}") = "EFRepository", "..\EFRepository\EFRepository\EFRepository.csproj", "{ACAECC4D-C12F-4FCA-A9C8-B17D6C018F5E}"
EndProject
Project("{9A19103F-16F7-4668-BE54-9A1E7A4F7556}") = "ADPasswordRotator.Service", "ADPasswordRotator.Service\ADPasswordRotator.Service.csproj", "{52903C36-1A58-4DCB-862A-5FBF15741123}"
EndProject
Project("{9A19103F-16F7-4668-BE54-9A1E7A4F7556}") = "ADPasswordRotator.SharedWeb", "ADPasswordRotator.WebShared\ADPasswordRotator.SharedWeb.csproj", "{531BCF18-865F-472C-A3B4-A7BE50E751C3}"
EndProject
Project("{9A19103F-16F7-4668-BE54-9A1E7A4F7556}") = "ADPasswordRotator.Backend", "ADPasswordRotator.Backend\ADPasswordRotator.Backend.csproj", "{16316318-7B90-4B17-9070-001D3273A86A}"
EndProject
Global
	GlobalSection(SolutionConfigurationPlatforms) = preSolution
		Debug|Any CPU = Debug|Any CPU
		Release|Any CPU = Release|Any CPU
	EndGlobalSection
	GlobalSection(ProjectConfigurationPlatforms) = postSolution
		{1899CE49-EA5B-4631-A3BD-40AEAAD50037}.Debug|Any CPU.ActiveCfg = Debug|Any CPU
		{1899CE49-EA5B-4631-A3BD-40AEAAD50037}.Debug|Any CPU.Build.0 = Debug|Any CPU
		{1899CE49-EA5B-4631-A3BD-40AEAAD50037}.Release|Any CPU.ActiveCfg = Release|Any CPU
		{1899CE49-EA5B-4631-A3BD-40AEAAD50037}.Release|Any CPU.Build.0 = Release|Any CPU
		{26A3FF9B-94EB-41C8-A9DA-F236D82DCD8C}.Debug|Any CPU.ActiveCfg = Debug|Any CPU
		{26A3FF9B-94EB-41C8-A9DA-F236D82DCD8C}.Debug|Any CPU.Build.0 = Debug|Any CPU
		{26A3FF9B-94EB-41C8-A9DA-F236D82DCD8C}.Release|Any CPU.ActiveCfg = Release|Any CPU
		{26A3FF9B-94EB-41C8-A9DA-F236D82DCD8C}.Release|Any CPU.Build.0 = Release|Any CPU
		{ACAECC4D-C12F-4FCA-A9C8-B17D6C018F5E}.Debug|Any CPU.ActiveCfg = Debug|Any CPU
		{ACAECC4D-C12F-4FCA-A9C8-B17D6C018F5E}.Debug|Any CPU.Build.0 = Debug|Any CPU
		{ACAECC4D-C12F-4FCA-A9C8-B17D6C018F5E}.Release|Any CPU.ActiveCfg = Release|Any CPU
		{ACAECC4D-C12F-4FCA-A9C8-B17D6C018F5E}.Release|Any CPU.Build.0 = Release|Any CPU
		{52903C36-1A58-4DCB-862A-5FBF15741123}.Debug|Any CPU.ActiveCfg = Debug|Any CPU
		{52903C36-1A58-4DCB-862A-5FBF15741123}.Debug|Any CPU.Build.0 = Debug|Any CPU
		{52903C36-1A58-4DCB-862A-5FBF15741123}.Release|Any CPU.ActiveCfg = Release|Any CPU
		{52903C36-1A58-4DCB-862A-5FBF15741123}.Release|Any CPU.Build.0 = Release|Any CPU
		{531BCF18-865F-472C-A3B4-A7BE50E751C3}.Debug|Any CPU.ActiveCfg = Debug|Any CPU
		{531BCF18-865F-472C-A3B4-A7BE50E751C3}.Debug|Any CPU.Build.0 = Debug|Any CPU
		{531BCF18-865F-472C-A3B4-A7BE50E751C3}.Release|Any CPU.ActiveCfg = Release|Any CPU
		{531BCF18-865F-472C-A3B4-A7BE50E751C3}.Release|Any CPU.Build.0 = Release|Any CPU
		{16316318-7B90-4B17-9070-001D3273A86A}.Debug|Any CPU.ActiveCfg = Debug|Any CPU
		{16316318-7B90-4B17-9070-001D3273A86A}.Debug|Any CPU.Build.0 = Debug|Any CPU
		{16316318-7B90-4B17-9070-001D3273A86A}.Release|Any CPU.ActiveCfg = Release|Any CPU
		{16316318-7B90-4B17-9070-001D3273A86A}.Release|Any CPU.Build.0 = Release|Any CPU
	EndGlobalSection
	GlobalSection(SolutionProperties) = preSolution
		HideSolutionNode = FALSE
	EndGlobalSection
	GlobalSection(ExtensibilityGlobals) = postSolution
		SolutionGuid = {FE6DD370-DE3F-4FE1-A41C-447B0799A754}
	EndGlobalSection
EndGlobal
